
Microsoft Visual Studio Solution File, Format Version 12.00
# Visual Studio Version 17
VisualStudioVersion = 17.8.34322.80
MinimumVisualStudioVersion = 10.0.40219.1
Project("{FAE04EC0-301F-11D3-BF4B-00C04F79EFBC}") = "REAgency", "REAgency.csproj", "{339F5250-CEDD-416F-9F84-2241BFAA4375}"
EndProject
Project("{FAE04EC0-301F-11D3-BF4B-00C04F79EFBC}") = "REAgency.DAL", "..\REAgency.DAL\REAgency.DAL.csproj", "{8FDC7CA7-3F8A-4A16-BE3A-BC7C3ED5D052}"
EndProject
Project("{FAE04EC0-301F-11D3-BF4B-00C04F79EFBC}") = "REAgency.BLL", "..\REAgency.BLL\REAgency.BLL.csproj", "{323899CC-B1A0-4737-8782-4CEA8B2ADC91}"
EndProject
Global
	GlobalSection(SolutionConfigurationPlatforms) = preSolution
		Debug|Any CPU = Debug|Any CPU
		Release|Any CPU = Release|Any CPU
	EndGlobalSection
	GlobalSection(ProjectConfigurationPlatforms) = postSolution
		{339F5250-CEDD-416F-9F84-2241BFAA4375}.Debug|Any CPU.ActiveCfg = Debug|Any CPU
		{339F5250-CEDD-416F-9F84-2241BFAA4375}.Debug|Any CPU.Build.0 = Debug|Any CPU
		{339F5250-CEDD-416F-9F84-2241BFAA4375}.Release|Any CPU.ActiveCfg = Release|Any CPU
		{339F5250-CEDD-416F-9F84-2241BFAA4375}.Release|Any CPU.Build.0 = Release|Any CPU
		{8FDC7CA7-3F8A-4A16-BE3A-BC7C3ED5D052}.Debug|Any CPU.ActiveCfg = Debug|Any CPU
		{8FDC7CA7-3F8A-4A16-BE3A-BC7C3ED5D052}.Debug|Any CPU.Build.0 = Debug|Any CPU
		{8FDC7CA7-3F8A-4A16-BE3A-BC7C3ED5D052}.Release|Any CPU.ActiveCfg = Release|Any CPU
		{8FDC7CA7-3F8A-4A16-BE3A-BC7C3ED5D052}.Release|Any CPU.Build.0 = Release|Any CPU
		{323899CC-B1A0-4737-8782-4CEA8B2ADC91}.Debug|Any CPU.ActiveCfg = Debug|Any CPU
		{323899CC-B1A0-4737-8782-4CEA8B2ADC91}.Debug|Any CPU.Build.0 = Debug|Any CPU
		{323899CC-B1A0-4737-8782-4CEA8B2ADC91}.Release|Any CPU.ActiveCfg = Release|Any CPU
		{323899CC-B1A0-4737-8782-4CEA8B2ADC91}.Release|Any CPU.Build.0 = Release|Any CPU
	EndGlobalSection
	GlobalSection(SolutionProperties) = preSolution
		HideSolutionNode = FALSE
	EndGlobalSection
	GlobalSection(ExtensibilityGlobals) = postSolution
		SolutionGuid = {49C86ED2-912E-4CE0-B43C-1C04C7C78001}
	EndGlobalSection
EndGlobal
